
Microsoft Visual Studio Solution File, Format Version 12.00
# Visual Studio 2013
VisualStudioVersion = 12.0.40629.0
MinimumVisualStudioVersion = 10.0.40219.1
Project("{2150E333-8FDC-42A3-9474-1A3956D46DE8}") = "Test", "Test", "{95AA3A77-BAEF-4254-93F5-F261C387E7E4}"
EndProject
Project("{FAE04EC0-301F-11D3-BF4B-00C04F79EFBC}") = "ClassLibrary1", "ClassLibrary1\ClassLibrary1.csproj", "{F031415D-13E7-4AB5-95AE-DF27919653AF}"
EndProject
Project("{2150E333-8FDC-42A3-9474-1A3956D46DE8}") = "FrameWork", "FrameWork", "{26DC64E6-B0F4-4F04-9D8B-DB8630031C2A}"
EndProject
Project("{2150E333-8FDC-42A3-9474-1A3956D46DE8}") = "Project", "Project", "{F792307E-176D-4DB5-9F27-0AA3A78B69A7}"
EndProject
Project("{2150E333-8FDC-42A3-9474-1A3956D46DE8}") = "Web", "Web", "{FAC4E742-72B7-4437-9F1B-8ABE506E51CE}"
EndProject
Project("{2150E333-8FDC-42A3-9474-1A3956D46DE8}") = "WebSite", "WebSite", "{E76DBDCF-994D-4634-908D-28F8162D36F0}"
EndProject
Project("{2150E333-8FDC-42A3-9474-1A3956D46DE8}") = "UnitofWork", "UnitofWork", "{644581D6-6CDD-4372-8BAE-FA0ECCEB7416}"
EndProject
Project("{FAE04EC0-301F-11D3-BF4B-00C04F79EFBC}") = "UDomain", "UDomain\UDomain.csproj", "{376FCB9D-E7B8-4A5C-89BF-EA32DAFDDE64}"
EndProject
Project("{FAE04EC0-301F-11D3-BF4B-00C04F79EFBC}") = "UDataCore", "UDataCore\UDataCore.csproj", "{00804D22-1F56-442A-9C0B-2DD03C81EF84}"
EndProject
Project("{FAE04EC0-301F-11D3-BF4B-00C04F79EFBC}") = "URepository", "URepository\URepository.csproj", "{3D53FEEA-DD0A-4307-A108-15377E9378B1}"
EndProject
Project("{FAE04EC0-301F-11D3-BF4B-00C04F79EFBC}") = "UWeb", "UWeb\UWeb.csproj", "{BD935A93-F53F-4AEB-B686-497F53151FDE}"
EndProject
Project("{FAE04EC0-301F-11D3-BF4B-00C04F79EFBC}") = "UService", "UService\UService.csproj", "{9A716B56-7935-452E-B83A-53A41ADF350E}"
EndProject
Project("{2150E333-8FDC-42A3-9474-1A3956D46DE8}") = "01_UI", "01_UI", "{22B65BCF-42FF-400D-BC57-9945DCEFA640}"
EndProject
Project("{2150E333-8FDC-42A3-9474-1A3956D46DE8}") = "02_Application", "02_Application", "{BB9BD4C4-A833-420D-B462-5AF1B3137D77}"
EndProject
Project("{2150E333-8FDC-42A3-9474-1A3956D46DE8}") = "03_Infrastructure", "03_Infrastructure", "{B223BEDE-CC13-4763-AB51-1B9CE8F54017}"
EndProject
Project("{2150E333-8FDC-42A3-9474-1A3956D46DE8}") = "06_Common", "06_Common", "{D574FE45-AC90-49B7-9F64-97763DF049B9}"
EndProject
Project("{FAE04EC0-301F-11D3-BF4B-00C04F79EFBC}") = "CPy.IApplication", "CPy.IApplication\CPy.IApplication.csproj", "{FD910429-14FF-42AB-8DFB-DDB9D978B169}"
EndProject
Project("{FAE04EC0-301F-11D3-BF4B-00C04F79EFBC}") = "CPy.Application", "CPy.Application\CPy.Application.csproj", "{29A4D415-5842-4C4E-B72C-C11B4D7AFB82}"
EndProject
Project("{FAE04EC0-301F-11D3-BF4B-00C04F79EFBC}") = "CPy.IRepository", "CPy.IRepository\CPy.IRepository.csproj", "{676869C6-313B-43F6-ACF2-8065AAB24074}"
EndProject
Project("{FAE04EC0-301F-11D3-BF4B-00C04F79EFBC}") = "CPy.Repository", "CPy.Repository\CPy.Repository.csproj", "{D0001189-6F15-451C-9712-05F811AFF1DB}"
EndProject
Project("{FAE04EC0-301F-11D3-BF4B-00C04F79EFBC}") = "CPy.Common", "CPy.Common\CPy.Common.csproj", "{23939E23-7615-4777-A055-FAF11CDD5B8C}"
EndProject
Project("{FAE04EC0-301F-11D3-BF4B-00C04F79EFBC}") = "CPy.EntityFrameWork", "CPy.EntityFrameWork\CPy.EntityFrameWork.csproj", "{E3246666-EBA6-40BF-A8B4-2D9AA42CCF52}"
EndProject
Project("{2150E333-8FDC-42A3-9474-1A3956D46DE8}") = "04_Data", "04_Data", "{005A96FC-E244-465F-A0E6-48235D501012}"
EndProject
Project("{FAE04EC0-301F-11D3-BF4B-00C04F79EFBC}") = "CPy.Core", "CPy.Core\CPy.Core.csproj", "{669F5A13-E134-4DD4-9C47-4EDC84A1EC3F}"
EndProject
Project("{FAE04EC0-301F-11D3-BF4B-00C04F79EFBC}") = "CPy.Model", "CPy.Model\CPy.Model.csproj", "{3EE6D82A-DD53-42E7-997E-348E78A988CC}"
EndProject
Project("{FAE04EC0-301F-11D3-BF4B-00C04F79EFBC}") = "CPy", "CPy\CPy.csproj", "{002F8980-23D2-41DB-A2FE-A6A940C9B6E1}"
EndProject
Project("{FAE04EC0-301F-11D3-BF4B-00C04F79EFBC}") = "CPy.Web", "CPy.Web\CPy.Web.csproj", "{DA71DF85-2672-4407-A9B9-7F604B1490A7}"
EndProject
Project("{FAE04EC0-301F-11D3-BF4B-00C04F79EFBC}") = "CPy.Dto", "CPy.Dto\CPy.Dto.csproj", "{BE2CF702-3585-4123-BC4F-77B12D889EB7}"
EndProject
Project("{FAE04EC0-301F-11D3-BF4B-00C04F79EFBC}") = "CPy.Common.Test", "CPy.Common.Test\CPy.Common.Test.csproj", "{E482BE5A-4623-4AF8-8195-16159A69966C}"
EndProject
Global
	GlobalSection(SolutionConfigurationPlatforms) = preSolution
		Debug|Any CPU = Debug|Any CPU
		Release|Any CPU = Release|Any CPU
	EndGlobalSection
	GlobalSection(ProjectConfigurationPlatforms) = postSolution
		{F031415D-13E7-4AB5-95AE-DF27919653AF}.Debug|Any CPU.ActiveCfg = Debug|Any CPU
		{F031415D-13E7-4AB5-95AE-DF27919653AF}.Debug|Any CPU.Build.0 = Debug|Any CPU
		{F031415D-13E7-4AB5-95AE-DF27919653AF}.Release|Any CPU.ActiveCfg = Release|Any CPU
		{F031415D-13E7-4AB5-95AE-DF27919653AF}.Release|Any CPU.Build.0 = Release|Any CPU
		{376FCB9D-E7B8-4A5C-89BF-EA32DAFDDE64}.Debug|Any CPU.ActiveCfg = Debug|Any CPU
		{376FCB9D-E7B8-4A5C-89BF-EA32DAFDDE64}.Debug|Any CPU.Build.0 = Debug|Any CPU
		{376FCB9D-E7B8-4A5C-89BF-EA32DAFDDE64}.Release|Any CPU.ActiveCfg = Release|Any CPU
		{376FCB9D-E7B8-4A5C-89BF-EA32DAFDDE64}.Release|Any CPU.Build.0 = Release|Any CPU
		{00804D22-1F56-442A-9C0B-2DD03C81EF84}.Debug|Any CPU.ActiveCfg = Debug|Any CPU
		{00804D22-1F56-442A-9C0B-2DD03C81EF84}.Debug|Any CPU.Build.0 = Debug|Any CPU
		{00804D22-1F56-442A-9C0B-2DD03C81EF84}.Release|Any CPU.ActiveCfg = Release|Any CPU
		{00804D22-1F56-442A-9C0B-2DD03C81EF84}.Release|Any CPU.Build.0 = Release|Any CPU
		{3D53FEEA-DD0A-4307-A108-15377E9378B1}.Debug|Any CPU.ActiveCfg = Debug|Any CPU
		{3D53FEEA-DD0A-4307-A108-15377E9378B1}.Debug|Any CPU.Build.0 = Debug|Any CPU
		{3D53FEEA-DD0A-4307-A108-15377E9378B1}.Release|Any CPU.ActiveCfg = Release|Any CPU
		{3D53FEEA-DD0A-4307-A108-15377E9378B1}.Release|Any CPU.Build.0 = Release|Any CPU
		{BD935A93-F53F-4AEB-B686-497F53151FDE}.Debug|Any CPU.ActiveCfg = Debug|Any CPU
		{BD935A93-F53F-4AEB-B686-497F53151FDE}.Debug|Any CPU.Build.0 = Debug|Any CPU
		{BD935A93-F53F-4AEB-B686-497F53151FDE}.Release|Any CPU.ActiveCfg = Release|Any CPU
		{BD935A93-F53F-4AEB-B686-497F53151FDE}.Release|Any CPU.Build.0 = Release|Any CPU
		{9A716B56-7935-452E-B83A-53A41ADF350E}.Debug|Any CPU.ActiveCfg = Debug|Any CPU
		{9A716B56-7935-452E-B83A-53A41ADF350E}.Debug|Any CPU.Build.0 = Debug|Any CPU
		{9A716B56-7935-452E-B83A-53A41ADF350E}.Release|Any CPU.ActiveCfg = Release|Any CPU
		{9A716B56-7935-452E-B83A-53A41ADF350E}.Release|Any CPU.Build.0 = Release|Any CPU
		{FD910429-14FF-42AB-8DFB-DDB9D978B169}.Debug|Any CPU.ActiveCfg = Debug|Any CPU
		{FD910429-14FF-42AB-8DFB-DDB9D978B169}.Debug|Any CPU.Build.0 = Debug|Any CPU
		{FD910429-14FF-42AB-8DFB-DDB9D978B169}.Release|Any CPU.ActiveCfg = Release|Any CPU
		{FD910429-14FF-42AB-8DFB-DDB9D978B169}.Release|Any CPU.Build.0 = Release|Any CPU
		{29A4D415-5842-4C4E-B72C-C11B4D7AFB82}.Debug|Any CPU.ActiveCfg = Debug|Any CPU
		{29A4D415-5842-4C4E-B72C-C11B4D7AFB82}.Debug|Any CPU.Build.0 = Debug|Any CPU
		{29A4D415-5842-4C4E-B72C-C11B4D7AFB82}.Release|Any CPU.ActiveCfg = Release|Any CPU
		{29A4D415-5842-4C4E-B72C-C11B4D7AFB82}.Release|Any CPU.Build.0 = Release|Any CPU
		{676869C6-313B-43F6-ACF2-8065AAB24074}.Debug|Any CPU.ActiveCfg = Debug|Any CPU
		{676869C6-313B-43F6-ACF2-8065AAB24074}.Debug|Any CPU.Build.0 = Debug|Any CPU
		{676869C6-313B-43F6-ACF2-8065AAB24074}.Release|Any CPU.ActiveCfg = Release|Any CPU
		{676869C6-313B-43F6-ACF2-8065AAB24074}.Release|Any CPU.Build.0 = Release|Any CPU
		{D0001189-6F15-451C-9712-05F811AFF1DB}.Debug|Any CPU.ActiveCfg = Debug|Any CPU
		{D0001189-6F15-451C-9712-05F811AFF1DB}.Debug|Any CPU.Build.0 = Debug|Any CPU
		{D0001189-6F15-451C-9712-05F811AFF1DB}.Release|Any CPU.ActiveCfg = Release|Any CPU
		{D0001189-6F15-451C-9712-05F811AFF1DB}.Release|Any CPU.Build.0 = Release|Any CPU
		{23939E23-7615-4777-A055-FAF11CDD5B8C}.Debug|Any CPU.ActiveCfg = Debug|Any CPU
		{23939E23-7615-4777-A055-FAF11CDD5B8C}.Debug|Any CPU.Build.0 = Debug|Any CPU
		{23939E23-7615-4777-A055-FAF11CDD5B8C}.Release|Any CPU.ActiveCfg = Release|Any CPU
		{23939E23-7615-4777-A055-FAF11CDD5B8C}.Release|Any CPU.Build.0 = Release|Any CPU
		{E3246666-EBA6-40BF-A8B4-2D9AA42CCF52}.Debug|Any CPU.ActiveCfg = Debug|Any CPU
		{E3246666-EBA6-40BF-A8B4-2D9AA42CCF52}.Debug|Any CPU.Build.0 = Debug|Any CPU
		{E3246666-EBA6-40BF-A8B4-2D9AA42CCF52}.Release|Any CPU.ActiveCfg = Release|Any CPU
		{E3246666-EBA6-40BF-A8B4-2D9AA42CCF52}.Release|Any CPU.Build.0 = Release|Any CPU
		{669F5A13-E134-4DD4-9C47-4EDC84A1EC3F}.Debug|Any CPU.ActiveCfg = Debug|Any CPU
		{669F5A13-E134-4DD4-9C47-4EDC84A1EC3F}.Debug|Any CPU.Build.0 = Debug|Any CPU
		{669F5A13-E134-4DD4-9C47-4EDC84A1EC3F}.Release|Any CPU.ActiveCfg = Release|Any CPU
		{669F5A13-E134-4DD4-9C47-4EDC84A1EC3F}.Release|Any CPU.Build.0 = Release|Any CPU
		{3EE6D82A-DD53-42E7-997E-348E78A988CC}.Debug|Any CPU.ActiveCfg = Debug|Any CPU
		{3EE6D82A-DD53-42E7-997E-348E78A988CC}.Debug|Any CPU.Build.0 = Debug|Any CPU
		{3EE6D82A-DD53-42E7-997E-348E78A988CC}.Release|Any CPU.ActiveCfg = Release|Any CPU
		{3EE6D82A-DD53-42E7-997E-348E78A988CC}.Release|Any CPU.Build.0 = Release|Any CPU
		{002F8980-23D2-41DB-A2FE-A6A940C9B6E1}.Debug|Any CPU.ActiveCfg = Debug|Any CPU
		{002F8980-23D2-41DB-A2FE-A6A940C9B6E1}.Debug|Any CPU.Build.0 = Debug|Any CPU
		{002F8980-23D2-41DB-A2FE-A6A940C9B6E1}.Release|Any CPU.ActiveCfg = Release|Any CPU
		{002F8980-23D2-41DB-A2FE-A6A940C9B6E1}.Release|Any CPU.Build.0 = Release|Any CPU
		{DA71DF85-2672-4407-A9B9-7F604B1490A7}.Debug|Any CPU.ActiveCfg = Debug|Any CPU
		{DA71DF85-2672-4407-A9B9-7F604B1490A7}.Debug|Any CPU.Build.0 = Debug|Any CPU
		{DA71DF85-2672-4407-A9B9-7F604B1490A7}.Release|Any CPU.ActiveCfg = Release|Any CPU
		{DA71DF85-2672-4407-A9B9-7F604B1490A7}.Release|Any CPU.Build.0 = Release|Any CPU
		{BE2CF702-3585-4123-BC4F-77B12D889EB7}.Debug|Any CPU.ActiveCfg = Debug|Any CPU
		{BE2CF702-3585-4123-BC4F-77B12D889EB7}.Debug|Any CPU.Build.0 = Debug|Any CPU
		{BE2CF702-3585-4123-BC4F-77B12D889EB7}.Release|Any CPU.ActiveCfg = Release|Any CPU
		{BE2CF702-3585-4123-BC4F-77B12D889EB7}.Release|Any CPU.Build.0 = Release|Any CPU
		{E482BE5A-4623-4AF8-8195-16159A69966C}.Debug|Any CPU.ActiveCfg = Debug|Any CPU
		{E482BE5A-4623-4AF8-8195-16159A69966C}.Debug|Any CPU.Build.0 = Debug|Any CPU
		{E482BE5A-4623-4AF8-8195-16159A69966C}.Release|Any CPU.ActiveCfg = Release|Any CPU
		{E482BE5A-4623-4AF8-8195-16159A69966C}.Release|Any CPU.Build.0 = Release|Any CPU
	EndGlobalSection
	GlobalSection(SolutionProperties) = preSolution
		HideSolutionNode = FALSE
	EndGlobalSection
	GlobalSection(NestedProjects) = preSolution
		{F031415D-13E7-4AB5-95AE-DF27919653AF} = {95AA3A77-BAEF-4254-93F5-F261C387E7E4}
		{FAC4E742-72B7-4437-9F1B-8ABE506E51CE} = {F792307E-176D-4DB5-9F27-0AA3A78B69A7}
		{E76DBDCF-994D-4634-908D-28F8162D36F0} = {F792307E-176D-4DB5-9F27-0AA3A78B69A7}
		{644581D6-6CDD-4372-8BAE-FA0ECCEB7416} = {95AA3A77-BAEF-4254-93F5-F261C387E7E4}
		{376FCB9D-E7B8-4A5C-89BF-EA32DAFDDE64} = {644581D6-6CDD-4372-8BAE-FA0ECCEB7416}
		{00804D22-1F56-442A-9C0B-2DD03C81EF84} = {644581D6-6CDD-4372-8BAE-FA0ECCEB7416}
		{3D53FEEA-DD0A-4307-A108-15377E9378B1} = {644581D6-6CDD-4372-8BAE-FA0ECCEB7416}
		{BD935A93-F53F-4AEB-B686-497F53151FDE} = {644581D6-6CDD-4372-8BAE-FA0ECCEB7416}
		{9A716B56-7935-452E-B83A-53A41ADF350E} = {644581D6-6CDD-4372-8BAE-FA0ECCEB7416}
		{22B65BCF-42FF-400D-BC57-9945DCEFA640} = {FAC4E742-72B7-4437-9F1B-8ABE506E51CE}
		{BB9BD4C4-A833-420D-B462-5AF1B3137D77} = {FAC4E742-72B7-4437-9F1B-8ABE506E51CE}
		{B223BEDE-CC13-4763-AB51-1B9CE8F54017} = {FAC4E742-72B7-4437-9F1B-8ABE506E51CE}
		{D574FE45-AC90-49B7-9F64-97763DF049B9} = {FAC4E742-72B7-4437-9F1B-8ABE506E51CE}
		{FD910429-14FF-42AB-8DFB-DDB9D978B169} = {BB9BD4C4-A833-420D-B462-5AF1B3137D77}
		{29A4D415-5842-4C4E-B72C-C11B4D7AFB82} = {BB9BD4C4-A833-420D-B462-5AF1B3137D77}
		{676869C6-313B-43F6-ACF2-8065AAB24074} = {B223BEDE-CC13-4763-AB51-1B9CE8F54017}
		{D0001189-6F15-451C-9712-05F811AFF1DB} = {B223BEDE-CC13-4763-AB51-1B9CE8F54017}
		{23939E23-7615-4777-A055-FAF11CDD5B8C} = {D574FE45-AC90-49B7-9F64-97763DF049B9}
		{E3246666-EBA6-40BF-A8B4-2D9AA42CCF52} = {005A96FC-E244-465F-A0E6-48235D501012}
		{005A96FC-E244-465F-A0E6-48235D501012} = {FAC4E742-72B7-4437-9F1B-8ABE506E51CE}
		{669F5A13-E134-4DD4-9C47-4EDC84A1EC3F} = {D574FE45-AC90-49B7-9F64-97763DF049B9}
		{3EE6D82A-DD53-42E7-997E-348E78A988CC} = {005A96FC-E244-465F-A0E6-48235D501012}
		{002F8980-23D2-41DB-A2FE-A6A940C9B6E1} = {26DC64E6-B0F4-4F04-9D8B-DB8630031C2A}
		{DA71DF85-2672-4407-A9B9-7F604B1490A7} = {22B65BCF-42FF-400D-BC57-9945DCEFA640}
		{BE2CF702-3585-4123-BC4F-77B12D889EB7} = {005A96FC-E244-465F-A0E6-48235D501012}
		{E482BE5A-4623-4AF8-8195-16159A69966C} = {95AA3A77-BAEF-4254-93F5-F261C387E7E4}
	EndGlobalSection
EndGlobal
